
Microsoft Visual Studio Solution File, Format Version 12.00
# Visual Studio Version 16
VisualStudioVersion = 16.0.29418.71
MinimumVisualStudioVersion = 10.0.40219.1
Project("{FAE04EC0-301F-11D3-BF4B-00C04F79EFBC}") = "AthleteDataTrackerv2", "AthleteDataTrackerv2.csproj", "{00C05768-F722-44D0-B667-BE8877703D2B}"
EndProject
Global
	GlobalSection(SolutionConfigurationPlatforms) = preSolution
		Debug|Any CPU = Debug|Any CPU
		Release|Any CPU = Release|Any CPU
	EndGlobalSection
	GlobalSection(ProjectConfigurationPlatforms) = postSolution
		{00C05768-F722-44D0-B667-BE8877703D2B}.Debug|Any CPU.ActiveCfg = Debug|Any CPU
		{00C05768-F722-44D0-B667-BE8877703D2B}.Debug|Any CPU.Build.0 = Debug|Any CPU
		{00C05768-F722-44D0-B667-BE8877703D2B}.Release|Any CPU.ActiveCfg = Release|Any CPU
		{00C05768-F722-44D0-B667-BE8877703D2B}.Release|Any CPU.Build.0 = Release|Any CPU
	EndGlobalSection
	GlobalSection(SolutionProperties) = preSolution
		HideSolutionNode = FALSE
	EndGlobalSection
	GlobalSection(ExtensibilityGlobals) = postSolution
		SolutionGuid = {100A69EF-D86F-4317-9B9C-F3E699B20D70}
	EndGlobalSection
EndGlobal
