
Microsoft Visual Studio Solution File, Format Version 12.00
# Visual Studio Version 16
VisualStudioVersion = 16.0.29418.71
MinimumVisualStudioVersion = 10.0.40219.1
Project("{FAE04EC0-301F-11D3-BF4B-00C04F79EFBC}") = "IUA-Test", "IUA-Test.csproj", "{BBFA2077-C38C-42E3-87AC-C1FC1C31BAEF}"
EndProject
Global
	GlobalSection(SolutionConfigurationPlatforms) = preSolution
		Debug|Any CPU = Debug|Any CPU
		Release|Any CPU = Release|Any CPU
	EndGlobalSection
	GlobalSection(ProjectConfigurationPlatforms) = postSolution
		{BBFA2077-C38C-42E3-87AC-C1FC1C31BAEF}.Debug|Any CPU.ActiveCfg = Debug|Any CPU
		{BBFA2077-C38C-42E3-87AC-C1FC1C31BAEF}.Debug|Any CPU.Build.0 = Debug|Any CPU
		{BBFA2077-C38C-42E3-87AC-C1FC1C31BAEF}.Release|Any CPU.ActiveCfg = Release|Any CPU
		{BBFA2077-C38C-42E3-87AC-C1FC1C31BAEF}.Release|Any CPU.Build.0 = Release|Any CPU
	EndGlobalSection
	GlobalSection(SolutionProperties) = preSolution
		HideSolutionNode = FALSE
	EndGlobalSection
	GlobalSection(ExtensibilityGlobals) = postSolution
		SolutionGuid = {021189A1-A4BA-4721-ADCF-BBCFC2E17058}
	EndGlobalSection
EndGlobal
